
Microsoft Visual Studio Solution File, Format Version 12.00
# Visual Studio Version 17
VisualStudioVersion = 17.4.33110.190
MinimumVisualStudioVersion = 10.0.40219.1
Project("{8BC9CEB8-8B4A-11D0-8D11-00A0C91BC942}") = "SbieHide", "SbieHide\SbieHide.vcxproj", "{8FC0DC28-721D-4135-BDA0-6D7A1E64CC87}"
EndProject
Project("{8BC9CEB8-8B4A-11D0-8D11-00A0C91BC942}") = "SbieTestConsole", "SbieTestConsole\SbieTestConsole.vcxproj", "{E60AF90F-5B94-454F-8806-0B7467BDE79E}"
	ProjectSection(ProjectDependencies) = postProject
		{8FC0DC28-721D-4135-BDA0-6D7A1E64CC87} = {8FC0DC28-721D-4135-BDA0-6D7A1E64CC87}
	EndProjectSection
EndProject
Project("{8BC9CEB8-8B4A-11D0-8D11-00A0C91BC942}") = "SHLoader", "SHLoader\SHLoader.vcxproj", "{054EA035-9618-4F99-B6E0-8D04C17D728D}"
EndProject
Global
	GlobalSection(SolutionConfigurationPlatforms) = preSolution
		Debug|x64 = Debug|x64
		Debug|x86 = Debug|x86
		Release|x64 = Release|x64
		Release|x86 = Release|x86
	EndGlobalSection
	GlobalSection(ProjectConfigurationPlatforms) = postSolution
		{8FC0DC28-721D-4135-BDA0-6D7A1E64CC87}.Debug|x64.ActiveCfg = Debug|x64
		{8FC0DC28-721D-4135-BDA0-6D7A1E64CC87}.Debug|x64.Build.0 = Debug|x64
		{8FC0DC28-721D-4135-BDA0-6D7A1E64CC87}.Debug|x86.ActiveCfg = Debug|Win32
		{8FC0DC28-721D-4135-BDA0-6D7A1E64CC87}.Debug|x86.Build.0 = Debug|Win32
		{8FC0DC28-721D-4135-BDA0-6D7A1E64CC87}.Release|x64.ActiveCfg = Release|x64
		{8FC0DC28-721D-4135-BDA0-6D7A1E64CC87}.Release|x64.Build.0 = Release|x64
		{8FC0DC28-721D-4135-BDA0-6D7A1E64CC87}.Release|x86.ActiveCfg = Release|Win32
		{8FC0DC28-721D-4135-BDA0-6D7A1E64CC87}.Release|x86.Build.0 = Release|Win32
		{E60AF90F-5B94-454F-8806-0B7467BDE79E}.Debug|x64.ActiveCfg = Debug|x64
		{E60AF90F-5B94-454F-8806-0B7467BDE79E}.Debug|x64.Build.0 = Debug|x64
		{E60AF90F-5B94-454F-8806-0B7467BDE79E}.Debug|x86.ActiveCfg = Debug|Win32
		{E60AF90F-5B94-454F-8806-0B7467BDE79E}.Debug|x86.Build.0 = Debug|Win32
		{E60AF90F-5B94-454F-8806-0B7467BDE79E}.Release|x64.ActiveCfg = Release|x64
		{E60AF90F-5B94-454F-8806-0B7467BDE79E}.Release|x64.Build.0 = Release|x64
		{E60AF90F-5B94-454F-8806-0B7467BDE79E}.Release|x86.ActiveCfg = Release|Win32
		{E60AF90F-5B94-454F-8806-0B7467BDE79E}.Release|x86.Build.0 = Release|Win32
		{054EA035-9618-4F99-B6E0-8D04C17D728D}.Debug|x64.ActiveCfg = Debug|x64
		{054EA035-9618-4F99-B6E0-8D04C17D728D}.Debug|x64.Build.0 = Debug|x64
		{054EA035-9618-4F99-B6E0-8D04C17D728D}.Debug|x86.ActiveCfg = Debug|Win32
		{054EA035-9618-4F99-B6E0-8D04C17D728D}.Debug|x86.Build.0 = Debug|Win32
		{054EA035-9618-4F99-B6E0-8D04C17D728D}.Release|x64.ActiveCfg = Release|x64
		{054EA035-9618-4F99-B6E0-8D04C17D728D}.Release|x64.Build.0 = Release|x64
		{054EA035-9618-4F99-B6E0-8D04C17D728D}.Release|x86.ActiveCfg = Release|Win32
		{054EA035-9618-4F99-B6E0-8D04C17D728D}.Release|x86.Build.0 = Release|Win32
	EndGlobalSection
	GlobalSection(SolutionProperties) = preSolution
		HideSolutionNode = FALSE
	EndGlobalSection
	GlobalSection(ExtensibilityGlobals) = postSolution
		SolutionGuid = {5F0EEDDC-922B-42E8-A07C-068C7B783ADE}
	EndGlobalSection
EndGlobal
